
Microsoft Visual Studio Solution File, Format Version 12.00
# Visual Studio Version 17
VisualStudioVersion = 17.4.33122.133
MinimumVisualStudioVersion = 10.0.40219.1
Project("{FAE04EC0-301F-11D3-BF4B-00C04F79EFBC}") = "LSP", "LSP\LSP.csproj", "{42D27F45-9F0C-4A95-BB9A-F714D9B768F6}"
EndProject
Global
	GlobalSection(SolutionConfigurationPlatforms) = preSolution
		Debug|Any CPU = Debug|Any CPU
		Release|Any CPU = Release|Any CPU
	EndGlobalSection
	GlobalSection(ProjectConfigurationPlatforms) = postSolution
		{42D27F45-9F0C-4A95-BB9A-F714D9B768F6}.Debug|Any CPU.ActiveCfg = Debug|Any CPU
		{42D27F45-9F0C-4A95-BB9A-F714D9B768F6}.Debug|Any CPU.Build.0 = Debug|Any CPU
		{42D27F45-9F0C-4A95-BB9A-F714D9B768F6}.Release|Any CPU.ActiveCfg = Release|Any CPU
		{42D27F45-9F0C-4A95-BB9A-F714D9B768F6}.Release|Any CPU.Build.0 = Release|Any CPU
	EndGlobalSection
	GlobalSection(SolutionProperties) = preSolution
		HideSolutionNode = FALSE
	EndGlobalSection
	GlobalSection(ExtensibilityGlobals) = postSolution
		SolutionGuid = {0DA6499F-3ECA-4718-A1B9-0502506009F3}
	EndGlobalSection
EndGlobal
